
Microsoft Visual Studio Solution File, Format Version 12.00
# Visual Studio Version 17
VisualStudioVersion = 17.0.31903.59
MinimumVisualStudioVersion = 10.0.40219.1
Project("{9A19103F-16F7-4668-BE54-9A1E7A4F7556}") = "Isle.Core", "Isle.Core\Isle.Core.csproj", "{5533E79A-F634-4450-A8D0-8E45FE4E932E}"
EndProject
Project("{9A19103F-16F7-4668-BE54-9A1E7A4F7556}") = "Isle.Core.Tests", "Isle.Core.Tests\Isle.Core.Tests.csproj", "{638F1B82-364D-458C-B8FF-DD6D49B3187F}"
EndProject
Project("{9A19103F-16F7-4668-BE54-9A1E7A4F7556}") = "Isle.Extensions.Logging", "Isle.Extensions.Logging\Isle.Extensions.Logging.csproj", "{B20DC8AB-00F7-4FBE-BADF-6CFC6569FEEE}"
EndProject
Project("{9A19103F-16F7-4668-BE54-9A1E7A4F7556}") = "Isle.Extensions.Logging.Tests", "Isle.Extensions.Logging.Tests\Isle.Extensions.Logging.Tests.csproj", "{0E6EFF25-07BD-455F-92B8-B384E9C4B5F1}"
EndProject
Project("{9A19103F-16F7-4668-BE54-9A1E7A4F7556}") = "Isle.Extensions.Logging.Benchmarks", "Isle.Extensions.Logging.Benchmarks\Isle.Extensions.Logging.Benchmarks.csproj", "{EC557BFA-BAB5-4F1A-80CA-296C3B5425B8}"
EndProject
Project("{2150E333-8FDC-42A3-9474-1A3956D46DE8}") = "Solution Items", "Solution Items", "{CDCBFCB5-4114-4FDD-BD4F-5CDD9ED71D2D}"
	ProjectSection(SolutionItems) = preProject
		Directory.Build.props = Directory.Build.props
	EndProjectSection
EndProject
Project("{9A19103F-16F7-4668-BE54-9A1E7A4F7556}") = "Isle.Serilog", "Isle.Serilog\Isle.Serilog.csproj", "{39D4865E-0127-4015-8AA2-04E99A2A9A16}"
EndProject
Project("{9A19103F-16F7-4668-BE54-9A1E7A4F7556}") = "Isle.Serilog.Tests", "Isle.Serilog.Tests\Isle.Serilog.Tests.csproj", "{3519605E-123D-403C-8A12-49487E6919E4}"
EndProject
Project("{9A19103F-16F7-4668-BE54-9A1E7A4F7556}") = "Isle.Serilog.Benchmarks", "Isle.Serilog.Benchmarks\Isle.Serilog.Benchmarks.csproj", "{2F80036F-BE70-406C-85CA-2071D69312E5}"
EndProject
Project("{9A19103F-16F7-4668-BE54-9A1E7A4F7556}") = "Isle.Compatibility", "Isle.Compatibility\Isle.Compatibility.csproj", "{321C9442-416C-4FA1-A96A-7FE7CFC2560E}"
EndProject
Project("{9A19103F-16F7-4668-BE54-9A1E7A4F7556}") = "Isle.Core.Analyzers", "Isle.Core.Analyzers\Isle.Core.Analyzers.csproj", "{DFF2F6F9-67AD-4D76-B6BC-3B7E5E215883}"
EndProject
Project("{FAE04EC0-301F-11D3-BF4B-00C04F79EFBC}") = "Isle.Converters.Roslyn", "Isle.Converters.Roslyn\Isle.Converters.Roslyn.csproj", "{8823BF5C-1318-4C1F-A17D-4454593E6055}"
EndProject
Project("{FAE04EC0-301F-11D3-BF4B-00C04F79EFBC}") = "Isle.Converters.Roslyn.Tests", "Isle.Converters.Roslyn.Tests\Isle.Converters.Roslyn.Tests.csproj", "{38C4B4BD-A137-4A2B-A41C-65259CF56F94}"
EndProject
Project("{FAE04EC0-301F-11D3-BF4B-00C04F79EFBC}") = "Isle.Converters.Roslyn.Analyzers", "Isle.Converters.Roslyn.Analyzers\Isle.Converters.Roslyn.Analyzers\Isle.Converters.Roslyn.Analyzers.csproj", "{B3E6DDB6-350E-4CD9-A1D7-7CDB85FA6773}"
EndProject
Project("{FAE04EC0-301F-11D3-BF4B-00C04F79EFBC}") = "Isle.Converters.Roslyn.Analyzers.CodeFixes", "Isle.Converters.Roslyn.Analyzers\Isle.Converters.Roslyn.Analyzers.CodeFixes\Isle.Converters.Roslyn.Analyzers.CodeFixes.csproj", "{6930C5E5-2183-4701-94F3-68D7C81344E0}"
EndProject
Project("{FAE04EC0-301F-11D3-BF4B-00C04F79EFBC}") = "Isle.Converters.Roslyn.Analyzers.Package", "Isle.Converters.Roslyn.Analyzers\Isle.Converters.Roslyn.Analyzers.Package\Isle.Converters.Roslyn.Analyzers.Package.csproj", "{909A992C-56D7-4C7A-8DA6-D450EFF9031A}"
EndProject
Project("{FAE04EC0-301F-11D3-BF4B-00C04F79EFBC}") = "Isle.Converters.Roslyn.Analyzers.Test", "Isle.Converters.Roslyn.Analyzers\Isle.Converters.Roslyn.Analyzers.Test\Isle.Converters.Roslyn.Analyzers.Test.csproj", "{C55DACB6-E047-44DC-B4AC-B1572E240612}"
EndProject
Project("{2150E333-8FDC-42A3-9474-1A3956D46DE8}") = "Isle.Converters.Roslyn.Analyzers", "Isle.Converters.Roslyn.Analyzers", "{70A7273A-8837-4735-B097-9FB79BAB5D93}"
EndProject
Global
	GlobalSection(SolutionConfigurationPlatforms) = preSolution
		Debug|Any CPU = Debug|Any CPU
		Release|Any CPU = Release|Any CPU
	EndGlobalSection
	GlobalSection(ProjectConfigurationPlatforms) = postSolution
		{5533E79A-F634-4450-A8D0-8E45FE4E932E}.Debug|Any CPU.ActiveCfg = Debug|Any CPU
		{5533E79A-F634-4450-A8D0-8E45FE4E932E}.Debug|Any CPU.Build.0 = Debug|Any CPU
		{5533E79A-F634-4450-A8D0-8E45FE4E932E}.Release|Any CPU.ActiveCfg = Release|Any CPU
		{5533E79A-F634-4450-A8D0-8E45FE4E932E}.Release|Any CPU.Build.0 = Release|Any CPU
		{638F1B82-364D-458C-B8FF-DD6D49B3187F}.Debug|Any CPU.ActiveCfg = Debug|Any CPU
		{638F1B82-364D-458C-B8FF-DD6D49B3187F}.Debug|Any CPU.Build.0 = Debug|Any CPU
		{638F1B82-364D-458C-B8FF-DD6D49B3187F}.Release|Any CPU.ActiveCfg = Release|Any CPU
		{638F1B82-364D-458C-B8FF-DD6D49B3187F}.Release|Any CPU.Build.0 = Release|Any CPU
		{B20DC8AB-00F7-4FBE-BADF-6CFC6569FEEE}.Debug|Any CPU.ActiveCfg = Debug|Any CPU
		{B20DC8AB-00F7-4FBE-BADF-6CFC6569FEEE}.Debug|Any CPU.Build.0 = Debug|Any CPU
		{B20DC8AB-00F7-4FBE-BADF-6CFC6569FEEE}.Release|Any CPU.ActiveCfg = Release|Any CPU
		{B20DC8AB-00F7-4FBE-BADF-6CFC6569FEEE}.Release|Any CPU.Build.0 = Release|Any CPU
		{0E6EFF25-07BD-455F-92B8-B384E9C4B5F1}.Debug|Any CPU.ActiveCfg = Debug|Any CPU
		{0E6EFF25-07BD-455F-92B8-B384E9C4B5F1}.Debug|Any CPU.Build.0 = Debug|Any CPU
		{0E6EFF25-07BD-455F-92B8-B384E9C4B5F1}.Release|Any CPU.ActiveCfg = Release|Any CPU
		{0E6EFF25-07BD-455F-92B8-B384E9C4B5F1}.Release|Any CPU.Build.0 = Release|Any CPU
		{EC557BFA-BAB5-4F1A-80CA-296C3B5425B8}.Debug|Any CPU.ActiveCfg = Debug|Any CPU
		{EC557BFA-BAB5-4F1A-80CA-296C3B5425B8}.Debug|Any CPU.Build.0 = Debug|Any CPU
		{EC557BFA-BAB5-4F1A-80CA-296C3B5425B8}.Release|Any CPU.ActiveCfg = Release|Any CPU
		{EC557BFA-BAB5-4F1A-80CA-296C3B5425B8}.Release|Any CPU.Build.0 = Release|Any CPU
		{39D4865E-0127-4015-8AA2-04E99A2A9A16}.Debug|Any CPU.ActiveCfg = Debug|Any CPU
		{39D4865E-0127-4015-8AA2-04E99A2A9A16}.Debug|Any CPU.Build.0 = Debug|Any CPU
		{39D4865E-0127-4015-8AA2-04E99A2A9A16}.Release|Any CPU.ActiveCfg = Release|Any CPU
		{39D4865E-0127-4015-8AA2-04E99A2A9A16}.Release|Any CPU.Build.0 = Release|Any CPU
		{3519605E-123D-403C-8A12-49487E6919E4}.Debug|Any CPU.ActiveCfg = Debug|Any CPU
		{3519605E-123D-403C-8A12-49487E6919E4}.Debug|Any CPU.Build.0 = Debug|Any CPU
		{3519605E-123D-403C-8A12-49487E6919E4}.Release|Any CPU.ActiveCfg = Release|Any CPU
		{3519605E-123D-403C-8A12-49487E6919E4}.Release|Any CPU.Build.0 = Release|Any CPU
		{2F80036F-BE70-406C-85CA-2071D69312E5}.Debug|Any CPU.ActiveCfg = Debug|Any CPU
		{2F80036F-BE70-406C-85CA-2071D69312E5}.Debug|Any CPU.Build.0 = Debug|Any CPU
		{2F80036F-BE70-406C-85CA-2071D69312E5}.Release|Any CPU.ActiveCfg = Release|Any CPU
		{2F80036F-BE70-406C-85CA-2071D69312E5}.Release|Any CPU.Build.0 = Release|Any CPU
		{321C9442-416C-4FA1-A96A-7FE7CFC2560E}.Debug|Any CPU.ActiveCfg = Debug|Any CPU
		{321C9442-416C-4FA1-A96A-7FE7CFC2560E}.Debug|Any CPU.Build.0 = Debug|Any CPU
		{321C9442-416C-4FA1-A96A-7FE7CFC2560E}.Release|Any CPU.ActiveCfg = Release|Any CPU
		{321C9442-416C-4FA1-A96A-7FE7CFC2560E}.Release|Any CPU.Build.0 = Release|Any CPU
		{DFF2F6F9-67AD-4D76-B6BC-3B7E5E215883}.Debug|Any CPU.ActiveCfg = Debug|Any CPU
		{DFF2F6F9-67AD-4D76-B6BC-3B7E5E215883}.Debug|Any CPU.Build.0 = Debug|Any CPU
		{DFF2F6F9-67AD-4D76-B6BC-3B7E5E215883}.Release|Any CPU.ActiveCfg = Release|Any CPU
		{DFF2F6F9-67AD-4D76-B6BC-3B7E5E215883}.Release|Any CPU.Build.0 = Release|Any CPU
		{8823BF5C-1318-4C1F-A17D-4454593E6055}.Debug|Any CPU.ActiveCfg = Debug|Any CPU
		{8823BF5C-1318-4C1F-A17D-4454593E6055}.Debug|Any CPU.Build.0 = Debug|Any CPU
		{8823BF5C-1318-4C1F-A17D-4454593E6055}.Release|Any CPU.ActiveCfg = Release|Any CPU
		{8823BF5C-1318-4C1F-A17D-4454593E6055}.Release|Any CPU.Build.0 = Release|Any CPU
		{38C4B4BD-A137-4A2B-A41C-65259CF56F94}.Debug|Any CPU.ActiveCfg = Debug|Any CPU
		{38C4B4BD-A137-4A2B-A41C-65259CF56F94}.Debug|Any CPU.Build.0 = Debug|Any CPU
		{38C4B4BD-A137-4A2B-A41C-65259CF56F94}.Release|Any CPU.ActiveCfg = Release|Any CPU
		{38C4B4BD-A137-4A2B-A41C-65259CF56F94}.Release|Any CPU.Build.0 = Release|Any CPU
		{B3E6DDB6-350E-4CD9-A1D7-7CDB85FA6773}.Debug|Any CPU.ActiveCfg = Debug|Any CPU
		{B3E6DDB6-350E-4CD9-A1D7-7CDB85FA6773}.Debug|Any CPU.Build.0 = Debug|Any CPU
		{B3E6DDB6-350E-4CD9-A1D7-7CDB85FA6773}.Release|Any CPU.ActiveCfg = Release|Any CPU
		{B3E6DDB6-350E-4CD9-A1D7-7CDB85FA6773}.Release|Any CPU.Build.0 = Release|Any CPU
		{6930C5E5-2183-4701-94F3-68D7C81344E0}.Debug|Any CPU.ActiveCfg = Debug|Any CPU
		{6930C5E5-2183-4701-94F3-68D7C81344E0}.Debug|Any CPU.Build.0 = Debug|Any CPU
		{6930C5E5-2183-4701-94F3-68D7C81344E0}.Release|Any CPU.ActiveCfg = Release|Any CPU
		{6930C5E5-2183-4701-94F3-68D7C81344E0}.Release|Any CPU.Build.0 = Release|Any CPU
		{909A992C-56D7-4C7A-8DA6-D450EFF9031A}.Debug|Any CPU.ActiveCfg = Debug|Any CPU
		{909A992C-56D7-4C7A-8DA6-D450EFF9031A}.Debug|Any CPU.Build.0 = Debug|Any CPU
		{909A992C-56D7-4C7A-8DA6-D450EFF9031A}.Release|Any CPU.ActiveCfg = Release|Any CPU
		{909A992C-56D7-4C7A-8DA6-D450EFF9031A}.Release|Any CPU.Build.0 = Release|Any CPU
		{C55DACB6-E047-44DC-B4AC-B1572E240612}.Debug|Any CPU.ActiveCfg = Debug|Any CPU
		{C55DACB6-E047-44DC-B4AC-B1572E240612}.Debug|Any CPU.Build.0 = Debug|Any CPU
		{C55DACB6-E047-44DC-B4AC-B1572E240612}.Release|Any CPU.ActiveCfg = Release|Any CPU
		{C55DACB6-E047-44DC-B4AC-B1572E240612}.Release|Any CPU.Build.0 = Release|Any CPU
	EndGlobalSection
	GlobalSection(SolutionProperties) = preSolution
		HideSolutionNode = FALSE
	EndGlobalSection
	GlobalSection(NestedProjects) = preSolution
		{B3E6DDB6-350E-4CD9-A1D7-7CDB85FA6773} = {70A7273A-8837-4735-B097-9FB79BAB5D93}
		{6930C5E5-2183-4701-94F3-68D7C81344E0} = {70A7273A-8837-4735-B097-9FB79BAB5D93}
		{909A992C-56D7-4C7A-8DA6-D450EFF9031A} = {70A7273A-8837-4735-B097-9FB79BAB5D93}
		{C55DACB6-E047-44DC-B4AC-B1572E240612} = {70A7273A-8837-4735-B097-9FB79BAB5D93}
	EndGlobalSection
	GlobalSection(ExtensibilityGlobals) = postSolution
		SolutionGuid = {A4477F0D-AC1D-4799-8970-B4B2D0F843E5}
	EndGlobalSection
EndGlobal
