
Microsoft Visual Studio Solution File, Format Version 12.00
# Visual Studio Version 17
VisualStudioVersion = 17.0.31903.59
MinimumVisualStudioVersion = 10.0.40219.1
Project("{9A19103F-16F7-4668-BE54-9A1E7A4F7556}") = "Isle.Core", "Isle.Core\Isle.Core.csproj", "{5533E79A-F634-4450-A8D0-8E45FE4E932E}"
EndProject
Project("{9A19103F-16F7-4668-BE54-9A1E7A4F7556}") = "Isle.Core.Tests", "Isle.Core.Tests\Isle.Core.Tests.csproj", "{638F1B82-364D-458C-B8FF-DD6D49B3187F}"
EndProject
Project("{9A19103F-16F7-4668-BE54-9A1E7A4F7556}") = "Isle.Extensions.Logging", "Isle.Extensions.Logging\Isle.Extensions.Logging.csproj", "{B20DC8AB-00F7-4FBE-BADF-6CFC6569FEEE}"
EndProject
Project("{9A19103F-16F7-4668-BE54-9A1E7A4F7556}") = "Isle.Extensions.Logging.Tests", "Isle.Extensions.Logging.Tests\Isle.Extensions.Logging.Tests.csproj", "{0E6EFF25-07BD-455F-92B8-B384E9C4B5F1}"
EndProject
Project("{9A19103F-16F7-4668-BE54-9A1E7A4F7556}") = "Isle.Extensions.Logging.Benchmarks", "Isle.Extensions.Logging.Benchmarks\Isle.Extensions.Logging.Benchmarks.csproj", "{EC557BFA-BAB5-4F1A-80CA-296C3B5425B8}"
EndProject
Project("{2150E333-8FDC-42A3-9474-1A3956D46DE8}") = "Solution Items", "Solution Items", "{CDCBFCB5-4114-4FDD-BD4F-5CDD9ED71D2D}"
	ProjectSection(SolutionItems) = preProject
		Directory.Build.props = Directory.Build.props
	EndProjectSection
EndProject
Project("{FAE04EC0-301F-11D3-BF4B-00C04F79EFBC}") = "Isle.Serilog", "Isle.Serilog\Isle.Serilog.csproj", "{39D4865E-0127-4015-8AA2-04E99A2A9A16}"
EndProject
Global
	GlobalSection(SolutionConfigurationPlatforms) = preSolution
		Debug|Any CPU = Debug|Any CPU
		Release|Any CPU = Release|Any CPU
	EndGlobalSection
	GlobalSection(ProjectConfigurationPlatforms) = postSolution
		{5533E79A-F634-4450-A8D0-8E45FE4E932E}.Debug|Any CPU.ActiveCfg = Debug|Any CPU
		{5533E79A-F634-4450-A8D0-8E45FE4E932E}.Debug|Any CPU.Build.0 = Debug|Any CPU
		{5533E79A-F634-4450-A8D0-8E45FE4E932E}.Release|Any CPU.ActiveCfg = Release|Any CPU
		{5533E79A-F634-4450-A8D0-8E45FE4E932E}.Release|Any CPU.Build.0 = Release|Any CPU
		{638F1B82-364D-458C-B8FF-DD6D49B3187F}.Debug|Any CPU.ActiveCfg = Debug|Any CPU
		{638F1B82-364D-458C-B8FF-DD6D49B3187F}.Debug|Any CPU.Build.0 = Debug|Any CPU
		{638F1B82-364D-458C-B8FF-DD6D49B3187F}.Release|Any CPU.ActiveCfg = Release|Any CPU
		{638F1B82-364D-458C-B8FF-DD6D49B3187F}.Release|Any CPU.Build.0 = Release|Any CPU
		{B20DC8AB-00F7-4FBE-BADF-6CFC6569FEEE}.Debug|Any CPU.ActiveCfg = Debug|Any CPU
		{B20DC8AB-00F7-4FBE-BADF-6CFC6569FEEE}.Debug|Any CPU.Build.0 = Debug|Any CPU
		{B20DC8AB-00F7-4FBE-BADF-6CFC6569FEEE}.Release|Any CPU.ActiveCfg = Release|Any CPU
		{B20DC8AB-00F7-4FBE-BADF-6CFC6569FEEE}.Release|Any CPU.Build.0 = Release|Any CPU
		{0E6EFF25-07BD-455F-92B8-B384E9C4B5F1}.Debug|Any CPU.ActiveCfg = Debug|Any CPU
		{0E6EFF25-07BD-455F-92B8-B384E9C4B5F1}.Debug|Any CPU.Build.0 = Debug|Any CPU
		{0E6EFF25-07BD-455F-92B8-B384E9C4B5F1}.Release|Any CPU.ActiveCfg = Release|Any CPU
		{0E6EFF25-07BD-455F-92B8-B384E9C4B5F1}.Release|Any CPU.Build.0 = Release|Any CPU
		{EC557BFA-BAB5-4F1A-80CA-296C3B5425B8}.Debug|Any CPU.ActiveCfg = Debug|Any CPU
		{EC557BFA-BAB5-4F1A-80CA-296C3B5425B8}.Debug|Any CPU.Build.0 = Debug|Any CPU
		{EC557BFA-BAB5-4F1A-80CA-296C3B5425B8}.Release|Any CPU.ActiveCfg = Release|Any CPU
		{EC557BFA-BAB5-4F1A-80CA-296C3B5425B8}.Release|Any CPU.Build.0 = Release|Any CPU
		{39D4865E-0127-4015-8AA2-04E99A2A9A16}.Debug|Any CPU.ActiveCfg = Debug|Any CPU
		{39D4865E-0127-4015-8AA2-04E99A2A9A16}.Debug|Any CPU.Build.0 = Debug|Any CPU
		{39D4865E-0127-4015-8AA2-04E99A2A9A16}.Release|Any CPU.ActiveCfg = Release|Any CPU
		{39D4865E-0127-4015-8AA2-04E99A2A9A16}.Release|Any CPU.Build.0 = Release|Any CPU
	EndGlobalSection
	GlobalSection(SolutionProperties) = preSolution
		HideSolutionNode = FALSE
	EndGlobalSection
	GlobalSection(ExtensibilityGlobals) = postSolution
		SolutionGuid = {A4477F0D-AC1D-4799-8970-B4B2D0F843E5}
	EndGlobalSection
EndGlobal
